
Microsoft Visual Studio Solution File, Format Version 12.00
# Visual Studio Version 17
VisualStudioVersion = 17.3.32929.385
MinimumVisualStudioVersion = 10.0.40219.1
Project("{FAE04EC0-301F-11D3-BF4B-00C04F79EFBC}") = "RestAPI_02_StockPrice_Client", "RestAPI_02_StockPrice_Client\RestAPI_02_StockPrice_Client.csproj", "{760E1645-BC6E-4C9D-B4C7-226384712C90}"
EndProject
Global
	GlobalSection(SolutionConfigurationPlatforms) = preSolution
		Debug|Any CPU = Debug|Any CPU
		Release|Any CPU = Release|Any CPU
	EndGlobalSection
	GlobalSection(ProjectConfigurationPlatforms) = postSolution
		{760E1645-BC6E-4C9D-B4C7-226384712C90}.Debug|Any CPU.ActiveCfg = Debug|Any CPU
		{760E1645-BC6E-4C9D-B4C7-226384712C90}.Debug|Any CPU.Build.0 = Debug|Any CPU
		{760E1645-BC6E-4C9D-B4C7-226384712C90}.Release|Any CPU.ActiveCfg = Release|Any CPU
		{760E1645-BC6E-4C9D-B4C7-226384712C90}.Release|Any CPU.Build.0 = Release|Any CPU
	EndGlobalSection
	GlobalSection(SolutionProperties) = preSolution
		HideSolutionNode = FALSE
	EndGlobalSection
	GlobalSection(ExtensibilityGlobals) = postSolution
		SolutionGuid = {7F1D2919-FA89-4EA8-A25B-98D59899E033}
	EndGlobalSection
EndGlobal
